
Microsoft Visual Studio Solution File, Format Version 12.00
# Visual Studio Version 17
VisualStudioVersion = 17.14.36301.6 d17.14
MinimumVisualStudioVersion = 10.0.40219.1
Project("{FAE04EC0-301F-11D3-BF4B-00C04F79EFBC}") = "InsightHR.API", "InsightHR.API\InsightHR.API.csproj", "{8ABB5759-6920-4979-9468-C79BB83417C2}"
EndProject
Global
	GlobalSection(SolutionConfigurationPlatforms) = preSolution
		Debug|Any CPU = Debug|Any CPU
		Release|Any CPU = Release|Any CPU
	EndGlobalSection
	GlobalSection(ProjectConfigurationPlatforms) = postSolution
		{8ABB5759-6920-4979-9468-C79BB83417C2}.Debug|Any CPU.ActiveCfg = Debug|Any CPU
		{8ABB5759-6920-4979-9468-C79BB83417C2}.Debug|Any CPU.Build.0 = Debug|Any CPU
		{8ABB5759-6920-4979-9468-C79BB83417C2}.Release|Any CPU.ActiveCfg = Release|Any CPU
		{8ABB5759-6920-4979-9468-C79BB83417C2}.Release|Any CPU.Build.0 = Release|Any CPU
	EndGlobalSection
	GlobalSection(SolutionProperties) = preSolution
		HideSolutionNode = FALSE
	EndGlobalSection
	GlobalSection(ExtensibilityGlobals) = postSolution
		SolutionGuid = {DCCCCCA2-B22D-4864-BE9F-A7C338075F5C}
	EndGlobalSection
EndGlobal
